{
  "version": 4,
  "terraform_version": "1.1.0",
  "serial": 5,
  "lineage": "c5e57a8d-c771-4c9d-be7c-5485c9852f04",
  "outputs": {},
  "resources": [
    {
      "mode": "managed",
      "type": "onepassword_item",
      "name": "demo_db",
      "provider": "provider[\"registry.terraform.io/1password/onepassword\"]",
      "instances": [
        {
          "schema_version": 0,
          "attributes": {
            "category": "database",
            "database": "Example MySQL Instance",
            "hostname": "localhost",
            "id": "vaults/wupizr5o5z4vrehdjsaaicr2cu/items/ntjxageiwcjzdnf3aef434ipiu",
            "password": "srhKQaviVu@*oCUe2DmhnpKC_JrZkd2D",
            "password_recipe": [],
            "port": "3306",
            "section": [],
            "tags": null,
            "title": "Demo TF Database",
            "type": "mysql",
            "url": "",
            "username": "root",
            "uuid": "ntjxageiwcjzdnf3aef434ipiu",
            "vault": "wupizr5o5z4vrehdjsaaicr2cu"
          },
          "sensitive_attributes": [],
          "private": "bnVsbA=="
        }
      ]
    },
    {
      "mode": "managed",
      "type": "onepassword_item",
      "name": "demo_login",
      "provider": "provider[\"registry.terraform.io/1password/onepassword\"]",
      "instances": [
        {
          "schema_version": 0,
          "attributes": {
            "category": "login",
            "database": null,
            "hostname": null,
            "id": "vaults/wupizr5o5z4vrehdjsaaicr2cu/items/b6kntkppd3juxfkb5nmmghjqfe",
            "password": "ieUa_mZiep8NXHzjGYRUWsupynAn!AFZ",
            "password_recipe": [],
            "port": null,
            "section": [],
            "tags": null,
            "title": "Demo Terraform Login",
            "type": null,
            "url": "",
            "username": "test@example.com",
            "uuid": "b6kntkppd3juxfkb5nmmghjqfe",
            "vault": "wupizr5o5z4vrehdjsaaicr2cu"
          },
          "sensitive_attributes": [],
          "private": "bnVsbA=="
        }
      ]
    },
    {
      "mode": "managed",
      "type": "onepassword_item",
      "name": "demo_password",
      "provider": "provider[\"registry.terraform.io/1password/onepassword\"]",
      "instances": [
        {
          "schema_version": 0,
          "attributes": {
            "category": "password",
            "database": null,
            "hostname": null,
            "id": "vaults/wupizr5o5z4vrehdjsaaicr2cu/items/ha4ymnvvmmf3dj3iatqfyobdo4",
            "password": "zmcc7k2UfrwxDkoiajcbNcv7G2vQHpzUMs3Ncnzg",
            "password_recipe": [
              {
                "digits": true,
                "length": 40,
                "letters": true,
                "symbols": false
              }
            ],
            "port": null,
            "section": [],
            "tags": null,
            "title": "Demo Password Recipe",
            "type": null,
            "url": "",
            "username": null,
            "uuid": "ha4ymnvvmmf3dj3iatqfyobdo4",
            "vault": "wupizr5o5z4vrehdjsaaicr2cu"
          },
          "sensitive_attributes": [],
          "private": "bnVsbA=="
        }
      ]
    },
    {
      "mode": "managed",
      "type": "onepassword_item",
      "name": "demo_sections",
      "provider": "provider[\"registry.terraform.io/1password/onepassword\"]",
      "instances": [
        {
          "schema_version": 0,
          "attributes": {
            "category": "login",
            "database": null,
            "hostname": null,
            "id": "vaults/wupizr5o5z4vrehdjsaaicr2cu/items/qalj7npmn2s3iivndwyhd2se2e",
            "password": "GHoofDdh7g2PD7gR-mJUXaWc9gr3foHp",
            "password_recipe": [],
            "port": null,
            "section": [
              {
                "field": [
                  {
                    "id": "i2rle5gwl743a7sj6dknyxxrci",
                    "label": "API_KEY",
                    "password_recipe": [],
                    "purpose": "",
                    "type": "CONCEALED",
                    "value": "2Federate2!"
                  },
                  {
                    "id": "taseqooorol3znvjqbqoyuwbjy",
                    "label": "HOSTNAME",
                    "password_recipe": [],
                    "purpose": "",
                    "type": "STRING",
                    "value": "example.com"
                  }
                ],
                "id": "8aefa2d7-e1a3-0dcb-c4c0-74efdd329f99",
                "label": "Terraform Section"
              },
              {
                "field": [
                  {
                    "id": "wt7l42hpyfk2todhrwgwkwsvr4",
                    "label": "App Specific Password",
                    "password_recipe": [
                      {
                        "digits": true,
                        "length": 40,
                        "letters": true,
                        "symbols": false
                      }
                    ],
                    "purpose": "",
                    "type": "CONCEALED",
                    "value": "ueZEJsotHwdFyvcw7tFiXdK3Q68bhBv9N6p7MQei"
                  },
                  {
                    "id": "s7is7d3dalpi2u3iv3ik5yxmqm",
                    "label": "User",
                    "password_recipe": [],
                    "purpose": "",
                    "type": "STRING",
                    "value": "demo"
                  }
                ],
                "id": "c97a14fc-3098-a281-19e3-d5d1619ad594",
                "label": "Terraform Second Section"
              }
            ],
            "tags": null,
            "title": "Demo Terraform Item with Sections",
            "type": null,
            "url": "",
            "username": "test@example.com",
            "uuid": "qalj7npmn2s3iivndwyhd2se2e",
            "vault": "wupizr5o5z4vrehdjsaaicr2cu"
          },
          "sensitive_attributes": [],
          "private": "bnVsbA=="
        }
      ]
    }
  ]
}
